// !$*UTF8*$!
{
	archiveVersion = 1;
	classes = {
	};
	objectVersion = 50;
	objects = {

/* Begin PBXBuildFile section */
		7EE9B9A52588CB46009D00ED /* AppDelegate.swift in Sources */ = {isa = PBXBuildFile; fileRef = 7EE9B9A42588CB46009D00ED /* AppDelegate.swift */; };
		7EE9B9A72588CB46009D00ED /* SceneDelegate.swift in Sources */ = {isa = PBXBuildFile; fileRef = 7EE9B9A62588CB46009D00ED /* SceneDelegate.swift */; };
		7EE9B9AC2588CB46009D00ED /* Main.storyboard in Resources */ = {isa = PBXBuildFile; fileRef = 7EE9B9AA2588CB46009D00ED /* Main.storyboard */; };
		7EE9B9AE2588CB48009D00ED /* Assets.xcassets in Resources */ = {isa = PBXBuildFile; fileRef = 7EE9B9AD2588CB48009D00ED /* Assets.xcassets */; };
		7EE9B9B12588CB48009D00ED /* LaunchScreen.storyboard in Resources */ = {isa = PBXBuildFile; fileRef = 7EE9B9AF2588CB48009D00ED /* LaunchScreen.storyboard */; };
		7EE9B9C12588CFFB009D00ED /* Song.swift in Sources */ = {isa = PBXBuildFile; fileRef = 7EE9B9C02588CFFB009D00ED /* Song.swift */; };
		7EE9B9C62588D3E0009D00ED /* SongController.swift in Sources */ = {isa = PBXBuildFile; fileRef = 7EE9B9C52588D3E0009D00ED /* SongController.swift */; };
		7EE9B9CB2588D6BB009D00ED /* SongTableViewController.swift in Sources */ = {isa = PBXBuildFile; fileRef = 7EE9B9CA2588D6BB009D00ED /* SongTableViewController.swift */; };
		7EE9B9CE2588E0D9009D00ED /* Playlist.swift in Sources */ = {isa = PBXBuildFile; fileRef = 7EE9B9CD2588E0D9009D00ED /* Playlist.swift */; };
		7EE9B9D62588E178009D00ED /* PlaylistController.swift in Sources */ = {isa = PBXBuildFile; fileRef = 7EE9B9D52588E178009D00ED /* PlaylistController.swift */; };
		7EE9B9D92588E36B009D00ED /* PlaylistsViewController.swift in Sources */ = {isa = PBXBuildFile; fileRef = 7EE9B9D82588E36B009D00ED /* PlaylistsViewController.swift */; };
/* End PBXBuildFile section */

/* Begin PBXFileReference section */
		7EE9B9A12588CB46009D00ED /* Playlist.app */ = {isa = PBXFileReference; explicitFileType = wrapper.application; includeInIndex = 0; path = Playlist.app; sourceTree = BUILT_PRODUCTS_DIR; };
		7EE9B9A42588CB46009D00ED /* AppDelegate.swift */ = {isa = PBXFileReference; lastKnownFileType = sourcecode.swift; path = AppDelegate.swift; sourceTree = "<group>"; };
		7EE9B9A62588CB46009D00ED /* SceneDelegate.swift */ = {isa = PBXFileReference; lastKnownFileType = sourcecode.swift; path = SceneDelegate.swift; sourceTree = "<group>"; };
		7EE9B9AB2588CB46009D00ED /* Base */ = {isa = PBXFileReference; lastKnownFileType = file.storyboard; name = Base; path = Base.lproj/Main.storyboard; sourceTree = "<group>"; };
		7EE9B9AD2588CB48009D00ED /* Assets.xcassets */ = {isa = PBXFileReference; lastKnownFileType = folder.assetcatalog; path = Assets.xcassets; sourceTree = "<group>"; };
		7EE9B9B02588CB48009D00ED /* Base */ = {isa = PBXFileReference; lastKnownFileType = file.storyboard; name = Base; path = Base.lproj/LaunchScreen.storyboard; sourceTree = "<group>"; };
		7EE9B9B22588CB48009D00ED /* Info.plist */ = {isa = PBXFileReference; lastKnownFileType = text.plist.xml; path = Info.plist; sourceTree = "<group>"; };
		7EE9B9C02588CFFB009D00ED /* Song.swift */ = {isa = PBXFileReference; lastKnownFileType = sourcecode.swift; path = Song.swift; sourceTree = "<group>"; };
		7EE9B9C52588D3E0009D00ED /* SongController.swift */ = {isa = PBXFileReference; lastKnownFileType = sourcecode.swift; path = SongController.swift; sourceTree = "<group>"; };
		7EE9B9CA2588D6BB009D00ED /* SongTableViewController.swift */ = {isa = PBXFileReference; lastKnownFileType = sourcecode.swift; path = SongTableViewController.swift; sourceTree = "<group>"; };
		7EE9B9CD2588E0D9009D00ED /* Playlist.swift */ = {isa = PBXFileReference; lastKnownFileType = sourcecode.swift; path = Playlist.swift; sourceTree = "<group>"; };
		7EE9B9D52588E178009D00ED /* PlaylistController.swift */ = {isa = PBXFileReference; lastKnownFileType = sourcecode.swift; path = PlaylistController.swift; sourceTree = "<group>"; };
		7EE9B9D82588E36B009D00ED /* PlaylistsViewController.swift */ = {isa = PBXFileReference; lastKnownFileType = sourcecode.swift; path = PlaylistsViewController.swift; sourceTree = "<group>"; };
/* End PBXFileReference section */

/* Begin PBXFrameworksBuildPhase section */
		7EE9B99E2588CB46009D00ED /* Frameworks */ = {
			isa = PBXFrameworksBuildPhase;
			buildActionMask = 2147483647;
			files = (
			);
			runOnlyForDeploymentPostprocessing = 0;
		};
/* End PBXFrameworksBuildPhase section */

/* Begin PBXGroup section */
		7EE9B9982588CB46009D00ED = {
			isa = PBXGroup;
			children = (
				7EE9B9A32588CB46009D00ED /* Playlist */,
				7EE9B9A22588CB46009D00ED /* Products */,
			);
			sourceTree = "<group>";
		};
		7EE9B9A22588CB46009D00ED /* Products */ = {
			isa = PBXGroup;
			children = (
				7EE9B9A12588CB46009D00ED /* Playlist.app */,
			);
			name = Products;
			sourceTree = "<group>";
		};
		7EE9B9A32588CB46009D00ED /* Playlist */ = {
			isa = PBXGroup;
			children = (
				7EE9B9C92588D6A5009D00ED /* View Controller */,
				7EE9B9C42588D3CC009D00ED /* Model Controller */,
				7EE9B9BF2588CFF0009D00ED /* Model */,
				7EE9B9BD2588CB71009D00ED /* Views */,
				7EE9B9BC2588CB64009D00ED /* Resources */,
			);
			path = Playlist;
			sourceTree = "<group>";
		};
		7EE9B9BA2588CB58009D00ED /* Storybboards */ = {
			isa = PBXGroup;
			children = (
				7EE9B9AA2588CB46009D00ED /* Main.storyboard */,
				7EE9B9AF2588CB48009D00ED /* LaunchScreen.storyboard */,
			);
			path = Storybboards;
			sourceTree = "<group>";
		};
		7EE9B9BC2588CB64009D00ED /* Resources */ = {
			isa = PBXGroup;
			children = (
				7EE9B9A42588CB46009D00ED /* AppDelegate.swift */,
				7EE9B9A62588CB46009D00ED /* SceneDelegate.swift */,
				7EE9B9AD2588CB48009D00ED /* Assets.xcassets */,
				7EE9B9B22588CB48009D00ED /* Info.plist */,
			);
			path = Resources;
			sourceTree = "<group>";
		};
		7EE9B9BD2588CB71009D00ED /* Views */ = {
			isa = PBXGroup;
			children = (
				7EE9B9BA2588CB58009D00ED /* Storybboards */,
			);
			path = Views;
			sourceTree = "<group>";
		};
		7EE9B9BF2588CFF0009D00ED /* Model */ = {
			isa = PBXGroup;
			children = (
				7EE9B9CD2588E0D9009D00ED /* Playlist.swift */,
				7EE9B9C02588CFFB009D00ED /* Song.swift */,
			);
			path = Model;
			sourceTree = "<group>";
		};
		7EE9B9C42588D3CC009D00ED /* Model Controller */ = {
			isa = PBXGroup;
			children = (
				7EE9B9D52588E178009D00ED /* PlaylistController.swift */,
				7EE9B9C52588D3E0009D00ED /* SongController.swift */,
			);
			path = "Model Controller";
			sourceTree = "<group>";
		};
		7EE9B9C92588D6A5009D00ED /* View Controller */ = {
			isa = PBXGroup;
			children = (
				7EE9B9CA2588D6BB009D00ED /* SongTableViewController.swift */,
				7EE9B9D82588E36B009D00ED /* PlaylistsViewController.swift */,
			);
			path = "View Controller";
			sourceTree = "<group>";
		};
/* End PBXGroup section */

/* Begin PBXNativeTarget section */
		7EE9B9A02588CB46009D00ED /* Playlist */ = {
			isa = PBXNativeTarget;
			buildConfigurationList = 7EE9B9B52588CB48009D00ED /* Build configuration list for PBXNativeTarget "Playlist" */;
			buildPhases = (
				7EE9B99D2588CB46009D00ED /* Sources */,
				7EE9B99E2588CB46009D00ED /* Frameworks */,
				7EE9B99F2588CB46009D00ED /* Resources */,
			);
			buildRules = (
			);
			dependencies = (
			);
			name = Playlist;
			productName = Playlist;
			productReference = 7EE9B9A12588CB46009D00ED /* Playlist.app */;
			productType = "com.apple.product-type.application";
		};
/* End PBXNativeTarget section */

/* Begin PBXProject section */
		7EE9B9992588CB46009D00ED /* Project object */ = {
			isa = PBXProject;
			attributes = {
				LastSwiftUpdateCheck = 1220;
				LastUpgradeCheck = 1220;
				TargetAttributes = {
					7EE9B9A02588CB46009D00ED = {
						CreatedOnToolsVersion = 12.2;
					};
				};
			};
			buildConfigurationList = 7EE9B99C2588CB46009D00ED /* Build configuration list for PBXProject "Playlist" */;
			compatibilityVersion = "Xcode 9.3";
			developmentRegion = en;
			hasScannedForEncodings = 0;
			knownRegions = (
				en,
				Base,
			);
			mainGroup = 7EE9B9982588CB46009D00ED;
			productRefGroup = 7EE9B9A22588CB46009D00ED /* Products */;
			projectDirPath = "";
			projectRoot = "";
			targets = (
				7EE9B9A02588CB46009D00ED /* Playlist */,
			);
		};
/* End PBXProject section */

/* Begin PBXResourcesBuildPhase section */
		7EE9B99F2588CB46009D00ED /* Resources */ = {
			isa = PBXResourcesBuildPhase;
			buildActionMask = 2147483647;
			files = (
				7EE9B9B12588CB48009D00ED /* LaunchScreen.storyboard in Resources */,
				7EE9B9AE2588CB48009D00ED /* Assets.xcassets in Resources */,
				7EE9B9AC2588CB46009D00ED /* Main.storyboard in Resources */,
			);
			runOnlyForDeploymentPostprocessing = 0;
		};
/* End PBXResourcesBuildPhase section */

/* Begin PBXSourcesBuildPhase section */
		7EE9B99D2588CB46009D00ED /* Sources */ = {
			isa = PBXSourcesBuildPhase;
			buildActionMask = 2147483647;
			files = (
				7EE9B9CB2588D6BB009D00ED /* SongTableViewController.swift in Sources */,
				7EE9B9C12588CFFB009D00ED /* Song.swift in Sources */,
				7EE9B9A52588CB46009D00ED /* AppDelegate.swift in Sources */,
				7EE9B9C62588D3E0009D00ED /* SongController.swift in Sources */,
				7EE9B9D92588E36B009D00ED /* PlaylistsViewController.swift in Sources */,
				7EE9B9A72588CB46009D00ED /* SceneDelegate.swift in Sources */,
				7EE9B9CE2588E0D9009D00ED /* Playlist.swift in Sources */,
				7EE9B9D62588E178009D00ED /* PlaylistController.swift in Sources */,
			);
			runOnlyForDeploymentPostprocessing = 0;
		};
/* End PBXSourcesBuildPhase section */

/* Begin PBXVariantGroup section */
		7EE9B9AA2588CB46009D00ED /* Main.storyboard */ = {
			isa = PBXVariantGroup;
			children = (
				7EE9B9AB2588CB46009D00ED /* Base */,
			);
			name = Main.storyboard;
			sourceTree = "<group>";
		};
		7EE9B9AF2588CB48009D00ED /* LaunchScreen.storyboard */ = {
			isa = PBXVariantGroup;
			children = (
				7EE9B9B02588CB48009D00ED /* Base */,
			);
			name = LaunchScreen.storyboard;
			sourceTree = "<group>";
		};
/* End PBXVariantGroup section */

/* Begin XCBuildConfiguration section */
		7EE9B9B32588CB48009D00ED /* Debug */ = {
			isa = XCBuildConfiguration;
			buildSettings = {
				ALWAYS_SEARCH_USER_PATHS = NO;
				CLANG_ANALYZER_NONNULL = YES;
				CLANG_ANALYZER_NUMBER_OBJECT_CONVERSION = YES_AGGRESSIVE;
				CLANG_CXX_LANGUAGE_STANDARD = "gnu++14";
				CLANG_CXX_LIBRARY = "libc++";
				CLANG_ENABLE_MODULES = YES;
				CLANG_ENABLE_OBJC_ARC = YES;
				CLANG_ENABLE_OBJC_WEAK = YES;
				CLANG_WARN_BLOCK_CAPTURE_AUTORELEASING = YES;
				CLANG_WARN_BOOL_CONVERSION = YES;
				CLANG_WARN_COMMA = YES;
				CLANG_WARN_CONSTANT_CONVERSION = YES;
				CLANG_WARN_DEPRECATED_OBJC_IMPLEMENTATIONS = YES;
				CLANG_WARN_DIRECT_OBJC_ISA_USAGE = YES_ERROR;
				CLANG_WARN_DOCUMENTATION_COMMENTS = YES;
				CLANG_WARN_EMPTY_BODY = YES;
				CLANG_WARN_ENUM_CONVERSION = YES;
				CLANG_WARN_INFINITE_RECURSION = YES;
				CLANG_WARN_INT_CONVERSION = YES;
				CLANG_WARN_NON_LITERAL_NULL_CONVERSION = YES;
				CLANG_WARN_OBJC_IMPLICIT_RETAIN_SELF = YES;
				CLANG_WARN_OBJC_LITERAL_CONVERSION = YES;
				CLANG_WARN_OBJC_ROOT_CLASS = YES_ERROR;
				CLANG_WARN_QUOTED_INCLUDE_IN_FRAMEWORK_HEADER = YES;
				CLANG_WARN_RANGE_LOOP_ANALYSIS = YES;
				CLANG_WARN_STRICT_PROTOTYPES = YES;
				CLANG_WARN_SUSPICIOUS_MOVE = YES;
				CLANG_WARN_UNGUARDED_AVAILABILITY = YES_AGGRESSIVE;
				CLANG_WARN_UNREACHABLE_CODE = YES;
				CLANG_WARN__DUPLICATE_METHOD_MATCH = YES;
				COPY_PHASE_STRIP = NO;
				DEBUG_INFORMATION_FORMAT = dwarf;
				ENABLE_STRICT_OBJC_MSGSEND = YES;
				ENABLE_TESTABILITY = YES;
				GCC_C_LANGUAGE_STANDARD = gnu11;
				GCC_DYNAMIC_NO_PIC = NO;
				GCC_NO_COMMON_BLOCKS = YES;
				GCC_OPTIMIZATION_LEVEL = 0;
				GCC_PREPROCESSOR_DEFINITIONS = (
					"DEBUG=1",
					"$(inherited)",
				);
				GCC_WARN_64_TO_32_BIT_CONVERSION = YES;
				GCC_WARN_ABOUT_RETURN_TYPE = YES_ERROR;
				GCC_WARN_UNDECLARED_SELECTOR = YES;
				GCC_WARN_UNINITIALIZED_AUTOS = YES_AGGRESSIVE;
				GCC_WARN_UNUSED_FUNCTION = YES;
				GCC_WARN_UNUSED_VARIABLE = YES;
				IPHONEOS_DEPLOYMENT_TARGET = 14.2;
				MTL_ENABLE_DEBUG_INFO = INCLUDE_SOURCE;
				MTL_FAST_MATH = YES;
				ONLY_ACTIVE_ARCH = YES;
				SDKROOT = iphoneos;
				SWIFT_ACTIVE_COMPILATION_CONDITIONS = DEBUG;
				SWIFT_OPTIMIZATION_LEVEL = "-Onone";
			};
			name = Debug;
		};
		7EE9B9B42588CB48009D00ED /* Release */ = {
			isa = XCBuildConfiguration;
			buildSettings = {
				ALWAYS_SEARCH_USER_PATHS = NO;
				CLANG_ANALYZER_NONNULL = YES;
				CLANG_ANALYZER_NUMBER_OBJECT_CONVERSION = YES_AGGRESSIVE;
				CLANG_CXX_LANGUAGE_STANDARD = "gnu++14";
				CLANG_CXX_LIBRARY = "libc++";
				CLANG_ENABLE_MODULES = YES;
				CLANG_ENABLE_OBJC_ARC = YES;
				CLANG_ENABLE_OBJC_WEAK = YES;
				CLANG_WARN_BLOCK_CAPTURE_AUTORELEASING = YES;
				CLANG_WARN_BOOL_CONVERSION = YES;
				CLANG_WARN_COMMA = YES;
				CLANG_WARN_CONSTANT_CONVERSION = YES;
				CLANG_WARN_DEPRECATED_OBJC_IMPLEMENTATIONS = YES;
				CLANG_WARN_DIRECT_OBJC_ISA_USAGE = YES_ERROR;
				CLANG_WARN_DOCUMENTATION_COMMENTS = YES;
				CLANG_WARN_EMPTY_BODY = YES;
				CLANG_WARN_ENUM_CONVERSION = YES;
				CLANG_WARN_INFINITE_RECURSION = YES;
				CLANG_WARN_INT_CONVERSION = YES;
				CLANG_WARN_NON_LITERAL_NULL_CONVERSION = YES;
				CLANG_WARN_OBJC_IMPLICIT_RETAIN_SELF = YES;
				CLANG_WARN_OBJC_LITERAL_CONVERSION = YES;
				CLANG_WARN_OBJC_ROOT_CLASS = YES_ERROR;
				CLANG_WARN_QUOTED_INCLUDE_IN_FRAMEWORK_HEADER = YES;
				CLANG_WARN_RANGE_LOOP_ANALYSIS = YES;
				CLANG_WARN_STRICT_PROTOTYPES = YES;
				CLANG_WARN_SUSPICIOUS_MOVE = YES;
				CLANG_WARN_UNGUARDED_AVAILABILITY = YES_AGGRESSIVE;
				CLANG_WARN_UNREACHABLE_CODE = YES;
				CLANG_WARN__DUPLICATE_METHOD_MATCH = YES;
				COPY_PHASE_STRIP = NO;
				DEBUG_INFORMATION_FORMAT = "dwarf-with-dsym";
				ENABLE_NS_ASSERTIONS = NO;
				ENABLE_STRICT_OBJC_MSGSEND = YES;
				GCC_C_LANGUAGE_STANDARD = gnu11;
				GCC_NO_COMMON_BLOCKS = YES;
				GCC_WARN_64_TO_32_BIT_CONVERSION = YES;
				GCC_WARN_ABOUT_RETURN_TYPE = YES_ERROR;
				GCC_WARN_UNDECLARED_SELECTOR = YES;
				GCC_WARN_UNINITIALIZED_AUTOS = YES_AGGRESSIVE;
				GCC_WARN_UNUSED_FUNCTION = YES;
				GCC_WARN_UNUSED_VARIABLE = YES;
				IPHONEOS_DEPLOYMENT_TARGET = 14.2;
				MTL_ENABLE_DEBUG_INFO = NO;
				MTL_FAST_MATH = YES;
				SDKROOT = iphoneos;
				SWIFT_COMPILATION_MODE = wholemodule;
				SWIFT_OPTIMIZATION_LEVEL = "-O";
				VALIDATE_PRODUCT = YES;
			};
			name = Release;
		};
		7EE9B9B62588CB48009D00ED /* Debug */ = {
			isa = XCBuildConfiguration;
			buildSettings = {
				ASSETCATALOG_COMPILER_APPICON_NAME = AppIcon;
				ASSETCATALOG_COMPILER_GLOBAL_ACCENT_COLOR_NAME = AccentColor;
				CODE_SIGN_STYLE = Automatic;
				DEVELOPMENT_TEAM = KMTDCPCY5V;
				INFOPLIST_FILE = Playlist/Resources/Info.plist;
				LD_RUNPATH_SEARCH_PATHS = (
					"$(inherited)",
					"@executable_path/Frameworks",
				);
				PRODUCT_BUNDLE_IDENTIFIER = com.CameronStuart.Playlist;
				PRODUCT_NAME = "$(TARGET_NAME)";
				SWIFT_VERSION = 5.0;
				TARGETED_DEVICE_FAMILY = "1,2";
			};
			name = Debug;
		};
		7EE9B9B72588CB48009D00ED /* Release */ = {
			isa = XCBuildConfiguration;
			buildSettings = {
				ASSETCATALOG_COMPILER_APPICON_NAME = AppIcon;
				ASSETCATALOG_COMPILER_GLOBAL_ACCENT_COLOR_NAME = AccentColor;
				CODE_SIGN_STYLE = Automatic;
				DEVELOPMENT_TEAM = KMTDCPCY5V;
				INFOPLIST_FILE = Playlist/Resources/Info.plist;
				LD_RUNPATH_SEARCH_PATHS = (
					"$(inherited)",
					"@executable_path/Frameworks",
				);
				PRODUCT_BUNDLE_IDENTIFIER = com.CameronStuart.Playlist;
				PRODUCT_NAME = "$(TARGET_NAME)";
				SWIFT_VERSION = 5.0;
				TARGETED_DEVICE_FAMILY = "1,2";
			};
			name = Release;
		};
/* End XCBuildConfiguration section */

/* Begin XCConfigurationList section */
		7EE9B99C2588CB46009D00ED /* Build configuration list for PBXProject "Playlist" */ = {
			isa = XCConfigurationList;
			buildConfigurations = (
				7EE9B9B32588CB48009D00ED /* Debug */,
				7EE9B9B42588CB48009D00ED /* Release */,
			);
			defaultConfigurationIsVisible = 0;
			defaultConfigurationName = Release;
		};
		7EE9B9B52588CB48009D00ED /* Build configuration list for PBXNativeTarget "Playlist" */ = {
			isa = XCConfigurationList;
			buildConfigurations = (
				7EE9B9B62588CB48009D00ED /* Debug */,
				7EE9B9B72588CB48009D00ED /* Release */,
			);
			defaultConfigurationIsVisible = 0;
			defaultConfigurationName = Release;
		};
/* End XCConfigurationList section */
	};
	rootObject = 7EE9B9992588CB46009D00ED /* Project object */;
}
